
Microsoft Visual Studio Solution File, Format Version 12.00
# Visual Studio Version 17
VisualStudioVersion = 17.7.34031.279
MinimumVisualStudioVersion = 10.0.40219.1
Project("{9A19103F-16F7-4668-BE54-9A1E7A4F7556}") = "BlazorTestingApp.Server", "BlazorTestingApp\Server\BlazorTestingApp.Server.csproj", "{0B8F7F0C-13D0-4ED7-A3DD-27F497564F5A}"
EndProject
Project("{9A19103F-16F7-4668-BE54-9A1E7A4F7556}") = "BlazorTestingApp.Client", "BlazorTestingApp\Client\BlazorTestingApp.Client.csproj", "{6F319573-29EF-40F6-8FC1-9D09841E5E9F}"
EndProject
Project("{9A19103F-16F7-4668-BE54-9A1E7A4F7556}") = "BlazorTestingApp.Shared", "BlazorTestingApp\Shared\BlazorTestingApp.Shared.csproj", "{3E790905-6CC3-4B53-B06F-3081FFA2B8DA}"
EndProject
Global
	GlobalSection(SolutionConfigurationPlatforms) = preSolution
		Debug|Any CPU = Debug|Any CPU
		Release|Any CPU = Release|Any CPU
	EndGlobalSection
	GlobalSection(ProjectConfigurationPlatforms) = postSolution
		{0B8F7F0C-13D0-4ED7-A3DD-27F497564F5A}.Debug|Any CPU.ActiveCfg = Debug|Any CPU
		{0B8F7F0C-13D0-4ED7-A3DD-27F497564F5A}.Debug|Any CPU.Build.0 = Debug|Any CPU
		{0B8F7F0C-13D0-4ED7-A3DD-27F497564F5A}.Release|Any CPU.ActiveCfg = Release|Any CPU
		{0B8F7F0C-13D0-4ED7-A3DD-27F497564F5A}.Release|Any CPU.Build.0 = Release|Any CPU
		{6F319573-29EF-40F6-8FC1-9D09841E5E9F}.Debug|Any CPU.ActiveCfg = Debug|Any CPU
		{6F319573-29EF-40F6-8FC1-9D09841E5E9F}.Debug|Any CPU.Build.0 = Debug|Any CPU
		{6F319573-29EF-40F6-8FC1-9D09841E5E9F}.Release|Any CPU.ActiveCfg = Release|Any CPU
		{6F319573-29EF-40F6-8FC1-9D09841E5E9F}.Release|Any CPU.Build.0 = Release|Any CPU
		{3E790905-6CC3-4B53-B06F-3081FFA2B8DA}.Debug|Any CPU.ActiveCfg = Debug|Any CPU
		{3E790905-6CC3-4B53-B06F-3081FFA2B8DA}.Debug|Any CPU.Build.0 = Debug|Any CPU
		{3E790905-6CC3-4B53-B06F-3081FFA2B8DA}.Release|Any CPU.ActiveCfg = Release|Any CPU
		{3E790905-6CC3-4B53-B06F-3081FFA2B8DA}.Release|Any CPU.Build.0 = Release|Any CPU
	EndGlobalSection
	GlobalSection(SolutionProperties) = preSolution
		HideSolutionNode = FALSE
	EndGlobalSection
	GlobalSection(ExtensibilityGlobals) = postSolution
		SolutionGuid = {7637823F-0680-43E0-829B-4F8A8E28305C}
	EndGlobalSection
EndGlobal
